
Microsoft Visual Studio Solution File, Format Version 12.00
Project("{FAE04EC0-301F-11D3-BF4B-00C04F79EFBC}") = "Solution2020", "Solution2020\Solution2020.csproj", "{5449C697-4C1E-4526-A369-D59D73E69DCD}"
EndProject
Project("{FAE04EC0-301F-11D3-BF4B-00C04F79EFBC}") = "Test2020", "Test2020\Test2020.csproj", "{06439300-9A12-4552-966E-EA8BA97954D0}"
EndProject
Project("{2150E333-8FDC-42A3-9474-1A3956D46DE8}") = "Year2020", "Year2020", "{0DB3DC80-DE83-4B9F-9AF6-7D5D25C066DF}"
EndProject
Project("{2150E333-8FDC-42A3-9474-1A3956D46DE8}") = "Year2021", "Year2021", "{CDD1CE78-2BAE-4954-A953-2D05EE4C37CF}"
EndProject
Project("{FAE04EC0-301F-11D3-BF4B-00C04F79EFBC}") = "Solution2021", "Solution2021\Solution2021.csproj", "{16B4C636-1F8E-470B-853A-AF7EBCBD6C37}"
EndProject
Project("{FAE04EC0-301F-11D3-BF4B-00C04F79EFBC}") = "Test2021", "Test2021\Test2021.csproj", "{AFB4D39C-FEF2-45F7-9166-6D6B651D4A47}"
EndProject
Global
	GlobalSection(SolutionConfigurationPlatforms) = preSolution
		Debug|Any CPU = Debug|Any CPU
		Release|Any CPU = Release|Any CPU
	EndGlobalSection
	GlobalSection(ProjectConfigurationPlatforms) = postSolution
		{5449C697-4C1E-4526-A369-D59D73E69DCD}.Debug|Any CPU.ActiveCfg = Debug|Any CPU
		{5449C697-4C1E-4526-A369-D59D73E69DCD}.Debug|Any CPU.Build.0 = Debug|Any CPU
		{5449C697-4C1E-4526-A369-D59D73E69DCD}.Release|Any CPU.ActiveCfg = Release|Any CPU
		{5449C697-4C1E-4526-A369-D59D73E69DCD}.Release|Any CPU.Build.0 = Release|Any CPU
		{06439300-9A12-4552-966E-EA8BA97954D0}.Debug|Any CPU.ActiveCfg = Debug|Any CPU
		{06439300-9A12-4552-966E-EA8BA97954D0}.Debug|Any CPU.Build.0 = Debug|Any CPU
		{06439300-9A12-4552-966E-EA8BA97954D0}.Release|Any CPU.ActiveCfg = Release|Any CPU
		{06439300-9A12-4552-966E-EA8BA97954D0}.Release|Any CPU.Build.0 = Release|Any CPU
		{16B4C636-1F8E-470B-853A-AF7EBCBD6C37}.Debug|Any CPU.ActiveCfg = Debug|Any CPU
		{16B4C636-1F8E-470B-853A-AF7EBCBD6C37}.Debug|Any CPU.Build.0 = Debug|Any CPU
		{16B4C636-1F8E-470B-853A-AF7EBCBD6C37}.Release|Any CPU.ActiveCfg = Release|Any CPU
		{16B4C636-1F8E-470B-853A-AF7EBCBD6C37}.Release|Any CPU.Build.0 = Release|Any CPU
		{AFB4D39C-FEF2-45F7-9166-6D6B651D4A47}.Debug|Any CPU.ActiveCfg = Debug|Any CPU
		{AFB4D39C-FEF2-45F7-9166-6D6B651D4A47}.Debug|Any CPU.Build.0 = Debug|Any CPU
		{AFB4D39C-FEF2-45F7-9166-6D6B651D4A47}.Release|Any CPU.ActiveCfg = Release|Any CPU
		{AFB4D39C-FEF2-45F7-9166-6D6B651D4A47}.Release|Any CPU.Build.0 = Release|Any CPU
	EndGlobalSection
	GlobalSection(NestedProjects) = preSolution
		{06439300-9A12-4552-966E-EA8BA97954D0} = {0DB3DC80-DE83-4B9F-9AF6-7D5D25C066DF}
		{5449C697-4C1E-4526-A369-D59D73E69DCD} = {0DB3DC80-DE83-4B9F-9AF6-7D5D25C066DF}
		{16B4C636-1F8E-470B-853A-AF7EBCBD6C37} = {CDD1CE78-2BAE-4954-A953-2D05EE4C37CF}
		{AFB4D39C-FEF2-45F7-9166-6D6B651D4A47} = {CDD1CE78-2BAE-4954-A953-2D05EE4C37CF}
	EndGlobalSection
EndGlobal
